{
  "model_id": "pengzhendong/wetext",
  "files": {
    "README.md": {
      "revision": "1147bf8c20118f2f09cb60c36b71f44ba723494e",
      "sha256": "2f85e7d37b9202ebc3d32ea9a55bb6eaa005352aebc9923d326f241e98cfa811",
      "size": 1389
    },
    "en/tn/tagger.fst": {
      "revision": "b04bc07588601f7619b20efbb01cd1fa7278ccbc",
      "sha256": "245e2dc9174cdd007a8e9e50f3339773d1adbbc7535b71cf67478dc1683cc3ec",
      "size": 5645674
    },
    "en/tn/verbalizer.fst": {
      "revision": "b04bc07588601f7619b20efbb01cd1fa7278ccbc",
      "sha256": "03155c88f317b2795969e264c19f87faf98b9853d5ac631e419bacdc3b3ee15a",
      "size": 6398822
    },
    "zh/tn/tagger.fst": {
      "revision": "b04bc07588601f7619b20efbb01cd1fa7278ccbc",
      "sha256": "cf341314c51f7ce59049f3b2c42f0ce8fd71e6d08d4d6969613aad384a5e2ae8",
      "size": 527178
    },
    "zh/tn/verbalizer.fst": {
      "revision": "b04bc07588601f7619b20efbb01cd1fa7278ccbc",
      "sha256": "5a13cd679dd54637d12d2bd1bd33ee2165d91c867e14468c93195af02256e5da",
      "size": 1069758
    }
  }
}
